{
  "name": "sqlite3-incremental-backup",
  "version": "1.1.2",
  "lockfileVersion": 1,
  "requires": true,
  "dependencies": {
    "npmrc": {
      "version": "1.1.1",
      "resolved": "https://registry.npmjs.org/npmrc/-/npmrc-1.1.1.tgz",
      "integrity": "sha1-KBupOt6FxN4rBGEQMfL/LyTmId0="
    }
  }
}
